// !$*UTF8*$!
{
	archiveVersion = 1;
	classes = {
	};
	objectVersion = 46;
	objects = {

/* Begin PBXBuildFile section */
		6B8FE1271DC3B8A400535685 /* AppDelegate.swift in Sources */ = {isa = PBXBuildFile; fileRef = 6B8FE1261DC3B8A400535685 /* AppDelegate.swift */; };
		6B8FE1291DC3B8A400535685 /* GameScene.swift in Sources */ = {isa = PBXBuildFile; fileRef = 6B8FE1281DC3B8A400535685 /* GameScene.swift */; };
		6B8FE12B1DC3B8A400535685 /* GameScene.sks in Resources */ = {isa = PBXBuildFile; fileRef = 6B8FE12A1DC3B8A400535685 /* GameScene.sks */; };
		6B8FE12D1DC3B8A400535685 /* Assets.xcassets in Resources */ = {isa = PBXBuildFile; fileRef = 6B8FE12C1DC3B8A400535685 /* Assets.xcassets */; };
		6B8FE1301DC3B8A400535685 /* MainMenu.xib in Resources */ = {isa = PBXBuildFile; fileRef = 6B8FE12E1DC3B8A400535685 /* MainMenu.xib */; };
		6B8FE13B1DC3B8A500535685 /* DodgeBulletTests.swift in Sources */ = {isa = PBXBuildFile; fileRef = 6B8FE13A1DC3B8A500535685 /* DodgeBulletTests.swift */; };
		6B8FE1461DC3B8A500535685 /* DodgeBulletUITests.swift in Sources */ = {isa = PBXBuildFile; fileRef = 6B8FE1451DC3B8A500535685 /* DodgeBulletUITests.swift */; };
/* End PBXBuildFile section */

/* Begin PBXContainerItemProxy section */
		6B8FE1371DC3B8A500535685 /* PBXContainerItemProxy */ = {
			isa = PBXContainerItemProxy;
			containerPortal = 6B8FE11B1DC3B8A400535685 /* Project object */;
			proxyType = 1;
			remoteGlobalIDString = 6B8FE1221DC3B8A400535685;
			remoteInfo = DodgeBullet;
		};
		6B8FE1421DC3B8A500535685 /* PBXContainerItemProxy */ = {
			isa = PBXContainerItemProxy;
			containerPortal = 6B8FE11B1DC3B8A400535685 /* Project object */;
			proxyType = 1;
			remoteGlobalIDString = 6B8FE1221DC3B8A400535685;
			remoteInfo = DodgeBullet;
		};
/* End PBXContainerItemProxy section */

/* Begin PBXFileReference section */
		6B8FE1231DC3B8A400535685 /* DodgeBullet.app */ = {isa = PBXFileReference; explicitFileType = wrapper.application; includeInIndex = 0; path = DodgeBullet.app; sourceTree = BUILT_PRODUCTS_DIR; };
		6B8FE1261DC3B8A400535685 /* AppDelegate.swift */ = {isa = PBXFileReference; lastKnownFileType = sourcecode.swift; path = AppDelegate.swift; sourceTree = "<group>"; };
		6B8FE1281DC3B8A400535685 /* GameScene.swift */ = {isa = PBXFileReference; lastKnownFileType = sourcecode.swift; path = GameScene.swift; sourceTree = "<group>"; };
		6B8FE12A1DC3B8A400535685 /* GameScene.sks */ = {isa = PBXFileReference; lastKnownFileType = file.sks; path = GameScene.sks; sourceTree = "<group>"; };
		6B8FE12C1DC3B8A400535685 /* Assets.xcassets */ = {isa = PBXFileReference; lastKnownFileType = folder.assetcatalog; path = Assets.xcassets; sourceTree = "<group>"; };
		6B8FE12F1DC3B8A400535685 /* Base */ = {isa = PBXFileReference; lastKnownFileType = file.xib; name = Base; path = Base.lproj/MainMenu.xib; sourceTree = "<group>"; };
		6B8FE1311DC3B8A400535685 /* Info.plist */ = {isa = PBXFileReference; lastKnownFileType = text.plist.xml; path = Info.plist; sourceTree = "<group>"; };
		6B8FE1361DC3B8A500535685 /* DodgeBulletTests.xctest */ = {isa = PBXFileReference; explicitFileType = wrapper.cfbundle; includeInIndex = 0; path = DodgeBulletTests.xctest; sourceTree = BUILT_PRODUCTS_DIR; };
		6B8FE13A1DC3B8A500535685 /* DodgeBulletTests.swift */ = {isa = PBXFileReference; lastKnownFileType = sourcecode.swift; path = DodgeBulletTests.swift; sourceTree = "<group>"; };
		6B8FE13C1DC3B8A500535685 /* Info.plist */ = {isa = PBXFileReference; lastKnownFileType = text.plist.xml; path = Info.plist; sourceTree = "<group>"; };
		6B8FE1411DC3B8A500535685 /* DodgeBulletUITests.xctest */ = {isa = PBXFileReference; explicitFileType = wrapper.cfbundle; includeInIndex = 0; path = DodgeBulletUITests.xctest; sourceTree = BUILT_PRODUCTS_DIR; };
		6B8FE1451DC3B8A500535685 /* DodgeBulletUITests.swift */ = {isa = PBXFileReference; lastKnownFileType = sourcecode.swift; path = DodgeBulletUITests.swift; sourceTree = "<group>"; };
		6B8FE1471DC3B8A500535685 /* Info.plist */ = {isa = PBXFileReference; lastKnownFileType = text.plist.xml; path = Info.plist; sourceTree = "<group>"; };
/* End PBXFileReference section */

/* Begin PBXFrameworksBuildPhase section */
		6B8FE1201DC3B8A400535685 /* Frameworks */ = {
			isa = PBXFrameworksBuildPhase;
			buildActionMask = 2147483647;
			files = (
			);
			runOnlyForDeploymentPostprocessing = 0;
		};
		6B8FE1331DC3B8A500535685 /* Frameworks */ = {
			isa = PBXFrameworksBuildPhase;
			buildActionMask = 2147483647;
			files = (
			);
			runOnlyForDeploymentPostprocessing = 0;
		};
		6B8FE13E1DC3B8A500535685 /* Frameworks */ = {
			isa = PBXFrameworksBuildPhase;
			buildActionMask = 2147483647;
			files = (
			);
			runOnlyForDeploymentPostprocessing = 0;
		};
/* End PBXFrameworksBuildPhase section */

/* Begin PBXGroup section */
		6B8FE11A1DC3B8A400535685 = {
			isa = PBXGroup;
			children = (
				6B8FE1251DC3B8A400535685 /* DodgeBullet */,
				6B8FE1391DC3B8A500535685 /* DodgeBulletTests */,
				6B8FE1441DC3B8A500535685 /* DodgeBulletUITests */,
				6B8FE1241DC3B8A400535685 /* Products */,
			);
			sourceTree = "<group>";
		};
		6B8FE1241DC3B8A400535685 /* Products */ = {
			isa = PBXGroup;
			children = (
				6B8FE1231DC3B8A400535685 /* DodgeBullet.app */,
				6B8FE1361DC3B8A500535685 /* DodgeBulletTests.xctest */,
				6B8FE1411DC3B8A500535685 /* DodgeBulletUITests.xctest */,
			);
			name = Products;
			sourceTree = "<group>";
		};
		6B8FE1251DC3B8A400535685 /* DodgeBullet */ = {
			isa = PBXGroup;
			children = (
				6B8FE1261DC3B8A400535685 /* AppDelegate.swift */,
				6B8FE1281DC3B8A400535685 /* GameScene.swift */,
				6B8FE12A1DC3B8A400535685 /* GameScene.sks */,
				6B8FE12C1DC3B8A400535685 /* Assets.xcassets */,
				6B8FE12E1DC3B8A400535685 /* MainMenu.xib */,
				6B8FE1311DC3B8A400535685 /* Info.plist */,
			);
			path = DodgeBullet;
			sourceTree = "<group>";
		};
		6B8FE1391DC3B8A500535685 /* DodgeBulletTests */ = {
			isa = PBXGroup;
			children = (
				6B8FE13A1DC3B8A500535685 /* DodgeBulletTests.swift */,
				6B8FE13C1DC3B8A500535685 /* Info.plist */,
			);
			path = DodgeBulletTests;
			sourceTree = "<group>";
		};
		6B8FE1441DC3B8A500535685 /* DodgeBulletUITests */ = {
			isa = PBXGroup;
			children = (
				6B8FE1451DC3B8A500535685 /* DodgeBulletUITests.swift */,
				6B8FE1471DC3B8A500535685 /* Info.plist */,
			);
			path = DodgeBulletUITests;
			sourceTree = "<group>";
		};
/* End PBXGroup section */

/* Begin PBXNativeTarget section */
		6B8FE1221DC3B8A400535685 /* DodgeBullet */ = {
			isa = PBXNativeTarget;
			buildConfigurationList = 6B8FE14A1DC3B8A500535685 /* Build configuration list for PBXNativeTarget "DodgeBullet" */;
			buildPhases = (
				6B8FE11F1DC3B8A400535685 /* Sources */,
				6B8FE1201DC3B8A400535685 /* Frameworks */,
				6B8FE1211DC3B8A400535685 /* Resources */,
			);
			buildRules = (
			);
			dependencies = (
			);
			name = DodgeBullet;
			productName = DodgeBullet;
			productReference = 6B8FE1231DC3B8A400535685 /* DodgeBullet.app */;
			productType = "com.apple.product-type.application";
		};
		6B8FE1351DC3B8A500535685 /* DodgeBulletTests */ = {
			isa = PBXNativeTarget;
			buildConfigurationList = 6B8FE14D1DC3B8A500535685 /* Build configuration list for PBXNativeTarget "DodgeBulletTests" */;
			buildPhases = (
				6B8FE1321DC3B8A500535685 /* Sources */,
				6B8FE1331DC3B8A500535685 /* Frameworks */,
				6B8FE1341DC3B8A500535685 /* Resources */,
			);
			buildRules = (
			);
			dependencies = (
				6B8FE1381DC3B8A500535685 /* PBXTargetDependency */,
			);
			name = DodgeBulletTests;
			productName = DodgeBulletTests;
			productReference = 6B8FE1361DC3B8A500535685 /* DodgeBulletTests.xctest */;
			productType = "com.apple.product-type.bundle.unit-test";
		};
		6B8FE1401DC3B8A500535685 /* DodgeBulletUITests */ = {
			isa = PBXNativeTarget;
			buildConfigurationList = 6B8FE1501DC3B8A500535685 /* Build configuration list for PBXNativeTarget "DodgeBulletUITests" */;
			buildPhases = (
				6B8FE13D1DC3B8A500535685 /* Sources */,
				6B8FE13E1DC3B8A500535685 /* Frameworks */,
				6B8FE13F1DC3B8A500535685 /* Resources */,
			);
			buildRules = (
			);
			dependencies = (
				6B8FE1431DC3B8A500535685 /* PBXTargetDependency */,
			);
			name = DodgeBulletUITests;
			productName = DodgeBulletUITests;
			productReference = 6B8FE1411DC3B8A500535685 /* DodgeBulletUITests.xctest */;
			productType = "com.apple.product-type.bundle.ui-testing";
		};
/* End PBXNativeTarget section */

/* Begin PBXProject section */
		6B8FE11B1DC3B8A400535685 /* Project object */ = {
			isa = PBXProject;
			attributes = {
				LastSwiftUpdateCheck = 0720;
				LastUpgradeCheck = 0720;
				ORGANIZATIONNAME = "William_Robison Inc.";
				TargetAttributes = {
					6B8FE1221DC3B8A400535685 = {
						CreatedOnToolsVersion = 7.2.1;
					};
					6B8FE1351DC3B8A500535685 = {
						CreatedOnToolsVersion = 7.2.1;
						TestTargetID = 6B8FE1221DC3B8A400535685;
					};
					6B8FE1401DC3B8A500535685 = {
						CreatedOnToolsVersion = 7.2.1;
						TestTargetID = 6B8FE1221DC3B8A400535685;
					};
				};
			};
			buildConfigurationList = 6B8FE11E1DC3B8A400535685 /* Build configuration list for PBXProject "DodgeBullet" */;
			compatibilityVersion = "Xcode 3.2";
			developmentRegion = English;
			hasScannedForEncodings = 0;
			knownRegions = (
				en,
				Base,
			);
			mainGroup = 6B8FE11A1DC3B8A400535685;
			productRefGroup = 6B8FE1241DC3B8A400535685 /* Products */;
			projectDirPath = "";
			projectRoot = "";
			targets = (
				6B8FE1221DC3B8A400535685 /* DodgeBullet */,
				6B8FE1351DC3B8A500535685 /* DodgeBulletTests */,
				6B8FE1401DC3B8A500535685 /* DodgeBulletUITests */,
			);
		};
/* End PBXProject section */

/* Begin PBXResourcesBuildPhase section */
		6B8FE1211DC3B8A400535685 /* Resources */ = {
			isa = PBXResourcesBuildPhase;
			buildActionMask = 2147483647;
			files = (
				6B8FE12D1DC3B8A400535685 /* Assets.xcassets in Resources */,
				6B8FE12B1DC3B8A400535685 /* GameScene.sks in Resources */,
				6B8FE1301DC3B8A400535685 /* MainMenu.xib in Resources */,
			);
			runOnlyForDeploymentPostprocessing = 0;
		};
		6B8FE1341DC3B8A500535685 /* Resources */ = {
			isa = PBXResourcesBuildPhase;
			buildActionMask = 2147483647;
			files = (
			);
			runOnlyForDeploymentPostprocessing = 0;
		};
		6B8FE13F1DC3B8A500535685 /* Resources */ = {
			isa = PBXResourcesBuildPhase;
			buildActionMask = 2147483647;
			files = (
			);
			runOnlyForDeploymentPostprocessing = 0;
		};
/* End PBXResourcesBuildPhase section */

/* Begin PBXSourcesBuildPhase section */
		6B8FE11F1DC3B8A400535685 /* Sources */ = {
			isa = PBXSourcesBuildPhase;
			buildActionMask = 2147483647;
			files = (
				6B8FE1291DC3B8A400535685 /* GameScene.swift in Sources */,
				6B8FE1271DC3B8A400535685 /* AppDelegate.swift in Sources */,
			);
			runOnlyForDeploymentPostprocessing = 0;
		};
		6B8FE1321DC3B8A500535685 /* Sources */ = {
			isa = PBXSourcesBuildPhase;
			buildActionMask = 2147483647;
			files = (
				6B8FE13B1DC3B8A500535685 /* DodgeBulletTests.swift in Sources */,
			);
			runOnlyForDeploymentPostprocessing = 0;
		};
		6B8FE13D1DC3B8A500535685 /* Sources */ = {
			isa = PBXSourcesBuildPhase;
			buildActionMask = 2147483647;
			files = (
				6B8FE1461DC3B8A500535685 /* DodgeBulletUITests.swift in Sources */,
			);
			runOnlyForDeploymentPostprocessing = 0;
		};
/* End PBXSourcesBuildPhase section */

/* Begin PBXTargetDependency section */
		6B8FE1381DC3B8A500535685 /* PBXTargetDependency */ = {
			isa = PBXTargetDependency;
			target = 6B8FE1221DC3B8A400535685 /* DodgeBullet */;
			targetProxy = 6B8FE1371DC3B8A500535685 /* PBXContainerItemProxy */;
		};
		6B8FE1431DC3B8A500535685 /* PBXTargetDependency */ = {
			isa = PBXTargetDependency;
			target = 6B8FE1221DC3B8A400535685 /* DodgeBullet */;
			targetProxy = 6B8FE1421DC3B8A500535685 /* PBXContainerItemProxy */;
		};
/* End PBXTargetDependency section */

/* Begin PBXVariantGroup section */
		6B8FE12E1DC3B8A400535685 /* MainMenu.xib */ = {
			isa = PBXVariantGroup;
			children = (
				6B8FE12F1DC3B8A400535685 /* Base */,
			);
			name = MainMenu.xib;
			sourceTree = "<group>";
		};
/* End PBXVariantGroup section */

/* Begin XCBuildConfiguration section */
		6B8FE1481DC3B8A500535685 /* Debug */ = {
			isa = XCBuildConfiguration;
			buildSettings = {
				ALWAYS_SEARCH_USER_PATHS = NO;
				CLANG_CXX_LANGUAGE_STANDARD = "gnu++0x";
				CLANG_CXX_LIBRARY = "libc++";
				CLANG_ENABLE_MODULES = YES;
				CLANG_ENABLE_OBJC_ARC = YES;
				CLANG_WARN_BOOL_CONVERSION = YES;
				CLANG_WARN_CONSTANT_CONVERSION = YES;
				CLANG_WARN_DIRECT_OBJC_ISA_USAGE = YES_ERROR;
				CLANG_WARN_EMPTY_BODY = YES;
				CLANG_WARN_ENUM_CONVERSION = YES;
				CLANG_WARN_INT_CONVERSION = YES;
				CLANG_WARN_OBJC_ROOT_CLASS = YES_ERROR;
				CLANG_WARN_UNREACHABLE_CODE = YES;
				CLANG_WARN__DUPLICATE_METHOD_MATCH = YES;
				CODE_SIGN_IDENTITY = "-";
				COPY_PHASE_STRIP = NO;
				DEBUG_INFORMATION_FORMAT = "dwarf-with-dsym";
				ENABLE_STRICT_OBJC_MSGSEND = YES;
				ENABLE_TESTABILITY = YES;
				GCC_C_LANGUAGE_STANDARD = gnu99;
				GCC_DYNAMIC_NO_PIC = NO;
				GCC_NO_COMMON_BLOCKS = YES;
				GCC_OPTIMIZATION_LEVEL = 0;
				GCC_PREPROCESSOR_DEFINITIONS = (
					"DEBUG=1",
					"$(inherited)",
				);
				GCC_WARN_64_TO_32_BIT_CONVERSION = YES;
				GCC_WARN_ABOUT_RETURN_TYPE = YES_ERROR;
				GCC_WARN_UNDECLARED_SELECTOR = YES;
				GCC_WARN_UNINITIALIZED_AUTOS = YES_AGGRESSIVE;
				GCC_WARN_UNUSED_FUNCTION = YES;
				GCC_WARN_UNUSED_VARIABLE = YES;
				MACOSX_DEPLOYMENT_TARGET = 10.10;
				MTL_ENABLE_DEBUG_INFO = YES;
				ONLY_ACTIVE_ARCH = YES;
				SDKROOT = macosx;
				SWIFT_OPTIMIZATION_LEVEL = "-Onone";
			};
			name = Debug;
		};
		6B8FE1491DC3B8A500535685 /* Release */ = {
			isa = XCBuildConfiguration;
			buildSettings = {
				ALWAYS_SEARCH_USER_PATHS = NO;
				CLANG_CXX_LANGUAGE_STANDARD = "gnu++0x";
				CLANG_CXX_LIBRARY = "libc++";
				CLANG_ENABLE_MODULES = YES;
				CLANG_ENABLE_OBJC_ARC = YES;
				CLANG_WARN_BOOL_CONVERSION = YES;
				CLANG_WARN_CONSTANT_CONVERSION = YES;
				CLANG_WARN_DIRECT_OBJC_ISA_USAGE = YES_ERROR;
				CLANG_WARN_EMPTY_BODY = YES;
				CLANG_WARN_ENUM_CONVERSION = YES;
				CLANG_WARN_INT_CONVERSION = YES;
				CLANG_WARN_OBJC_ROOT_CLASS = YES_ERROR;
				CLANG_WARN_UNREACHABLE_CODE = YES;
				CLANG_WARN__DUPLICATE_METHOD_MATCH = YES;
				CODE_SIGN_IDENTITY = "-";
				COPY_PHASE_STRIP = NO;
				DEBUG_INFORMATION_FORMAT = "dwarf-with-dsym";
				ENABLE_NS_ASSERTIONS = NO;
				ENABLE_STRICT_OBJC_MSGSEND = YES;
				GCC_C_LANGUAGE_STANDARD = gnu99;
				GCC_NO_COMMON_BLOCKS = YES;
				GCC_WARN_64_TO_32_BIT_CONVERSION = YES;
				GCC_WARN_ABOUT_RETURN_TYPE = YES_ERROR;
				GCC_WARN_UNDECLARED_SELECTOR = YES;
				GCC_WARN_UNINITIALIZED_AUTOS = YES_AGGRESSIVE;
				GCC_WARN_UNUSED_FUNCTION = YES;
				GCC_WARN_UNUSED_VARIABLE = YES;
				MACOSX_DEPLOYMENT_TARGET = 10.10;
				MTL_ENABLE_DEBUG_INFO = NO;
				SDKROOT = macosx;
			};
			name = Release;
		};
		6B8FE14B1DC3B8A500535685 /* Debug */ = {
			isa = XCBuildConfiguration;
			buildSettings = {
				ASSETCATALOG_COMPILER_APPICON_NAME = AppIcon;
				COMBINE_HIDPI_IMAGES = YES;
				INFOPLIST_FILE = DodgeBullet/Info.plist;
				LD_RUNPATH_SEARCH_PATHS = "$(inherited) @executable_path/../Frameworks";
				PRODUCT_BUNDLE_IDENTIFIER = edu.waylandhighschool.DodgeBullet;
				PRODUCT_NAME = "$(TARGET_NAME)";
			};
			name = Debug;
		};
		6B8FE14C1DC3B8A500535685 /* Release */ = {
			isa = XCBuildConfiguration;
			buildSettings = {
				ASSETCATALOG_COMPILER_APPICON_NAME = AppIcon;
				COMBINE_HIDPI_IMAGES = YES;
				INFOPLIST_FILE = DodgeBullet/Info.plist;
				LD_RUNPATH_SEARCH_PATHS = "$(inherited) @executable_path/../Frameworks";
				PRODUCT_BUNDLE_IDENTIFIER = edu.waylandhighschool.DodgeBullet;
				PRODUCT_NAME = "$(TARGET_NAME)";
			};
			name = Release;
		};
		6B8FE14E1DC3B8A500535685 /* Debug */ = {
			isa = XCBuildConfiguration;
			buildSettings = {
				BUNDLE_LOADER = "$(TEST_HOST)";
				COMBINE_HIDPI_IMAGES = YES;
				DEBUG_INFORMATION_FORMAT = dwarf;
				INFOPLIST_FILE = DodgeBulletTests/Info.plist;
				LD_RUNPATH_SEARCH_PATHS = "$(inherited) @executable_path/../Frameworks @loader_path/../Frameworks";
				PRODUCT_BUNDLE_IDENTIFIER = edu.waylandhighschool.DodgeBulletTests;
				PRODUCT_NAME = "$(TARGET_NAME)";
				TEST_HOST = "$(BUILT_PRODUCTS_DIR)/DodgeBullet.app/Contents/MacOS/DodgeBullet";
			};
			name = Debug;
		};
		6B8FE14F1DC3B8A500535685 /* Release */ = {
			isa = XCBuildConfiguration;
			buildSettings = {
				BUNDLE_LOADER = "$(TEST_HOST)";
				COMBINE_HIDPI_IMAGES = YES;
				INFOPLIST_FILE = DodgeBulletTests/Info.plist;
				LD_RUNPATH_SEARCH_PATHS = "$(inherited) @executable_path/../Frameworks @loader_path/../Frameworks";
				PRODUCT_BUNDLE_IDENTIFIER = edu.waylandhighschool.DodgeBulletTests;
				PRODUCT_NAME = "$(TARGET_NAME)";
				TEST_HOST = "$(BUILT_PRODUCTS_DIR)/DodgeBullet.app/Contents/MacOS/DodgeBullet";
			};
			name = Release;
		};
		6B8FE1511DC3B8A500535685 /* Debug */ = {
			isa = XCBuildConfiguration;
			buildSettings = {
				COMBINE_HIDPI_IMAGES = YES;
				DEBUG_INFORMATION_FORMAT = dwarf;
				INFOPLIST_FILE = DodgeBulletUITests/Info.plist;
				LD_RUNPATH_SEARCH_PATHS = "$(inherited) @executable_path/../Frameworks @loader_path/../Frameworks";
				PRODUCT_BUNDLE_IDENTIFIER = edu.waylandhighschool.DodgeBulletUITests;
				PRODUCT_NAME = "$(TARGET_NAME)";
				TEST_TARGET_NAME = DodgeBullet;
				USES_XCTRUNNER = YES;
			};
			name = Debug;
		};
		6B8FE1521DC3B8A500535685 /* Release */ = {
			isa = XCBuildConfiguration;
			buildSettings = {
				COMBINE_HIDPI_IMAGES = YES;
				INFOPLIST_FILE = DodgeBulletUITests/Info.plist;
				LD_RUNPATH_SEARCH_PATHS = "$(inherited) @executable_path/../Frameworks @loader_path/../Frameworks";
				PRODUCT_BUNDLE_IDENTIFIER = edu.waylandhighschool.DodgeBulletUITests;
				PRODUCT_NAME = "$(TARGET_NAME)";
				TEST_TARGET_NAME = DodgeBullet;
				USES_XCTRUNNER = YES;
			};
			name = Release;
		};
/* End XCBuildConfiguration section */

/* Begin XCConfigurationList section */
		6B8FE11E1DC3B8A400535685 /* Build configuration list for PBXProject "DodgeBullet" */ = {
			isa = XCConfigurationList;
			buildConfigurations = (
				6B8FE1481DC3B8A500535685 /* Debug */,
				6B8FE1491DC3B8A500535685 /* Release */,
			);
			defaultConfigurationIsVisible = 0;
			defaultConfigurationName = Release;
		};
		6B8FE14A1DC3B8A500535685 /* Build configuration list for PBXNativeTarget "DodgeBullet" */ = {
			isa = XCConfigurationList;
			buildConfigurations = (
				6B8FE14B1DC3B8A500535685 /* Debug */,
				6B8FE14C1DC3B8A500535685 /* Release */,
			);
			defaultConfigurationIsVisible = 0;
		};
		6B8FE14D1DC3B8A500535685 /* Build configuration list for PBXNativeTarget "DodgeBulletTests" */ = {
			isa = XCConfigurationList;
			buildConfigurations = (
				6B8FE14E1DC3B8A500535685 /* Debug */,
				6B8FE14F1DC3B8A500535685 /* Release */,
			);
			defaultConfigurationIsVisible = 0;
		};
		6B8FE1501DC3B8A500535685 /* Build configuration list for PBXNativeTarget "DodgeBulletUITests" */ = {
			isa = XCConfigurationList;
			buildConfigurations = (
				6B8FE1511DC3B8A500535685 /* Debug */,
				6B8FE1521DC3B8A500535685 /* Release */,
			);
			defaultConfigurationIsVisible = 0;
		};
/* End XCConfigurationList section */
	};
	rootObject = 6B8FE11B1DC3B8A400535685 /* Project object */;
}
